
Microsoft Visual Studio Solution File, Format Version 12.00
# Visual Studio Version 17
VisualStudioVersion = 17.3.32929.385
MinimumVisualStudioVersion = 10.0.40219.1
Project("{FAE04EC0-301F-11D3-BF4B-00C04F79EFBC}") = "Launch_LambdaExpressions", "Launch_LambdaExpressions\Launch_LambdaExpressions.csproj", "{05358B3F-5234-475C-A854-949E4CF0F699}"
EndProject
Global
	GlobalSection(SolutionConfigurationPlatforms) = preSolution
		Debug|Any CPU = Debug|Any CPU
		Release|Any CPU = Release|Any CPU
	EndGlobalSection
	GlobalSection(ProjectConfigurationPlatforms) = postSolution
		{05358B3F-5234-475C-A854-949E4CF0F699}.Debug|Any CPU.ActiveCfg = Debug|Any CPU
		{05358B3F-5234-475C-A854-949E4CF0F699}.Debug|Any CPU.Build.0 = Debug|Any CPU
		{05358B3F-5234-475C-A854-949E4CF0F699}.Release|Any CPU.ActiveCfg = Release|Any CPU
		{05358B3F-5234-475C-A854-949E4CF0F699}.Release|Any CPU.Build.0 = Release|Any CPU
	EndGlobalSection
	GlobalSection(SolutionProperties) = preSolution
		HideSolutionNode = FALSE
	EndGlobalSection
	GlobalSection(ExtensibilityGlobals) = postSolution
		SolutionGuid = {CCDB7457-73A2-4316-B6FD-1F1E7C15B78B}
	EndGlobalSection
EndGlobal
